// !$*UTF8*$!
{
	archiveVersion = 1;
	classes = {
	};
	objectVersion = 46;
	objects = {

/* Begin PBXBuildFile section */
		86220CE61FD5ABB10003A044 /* Icon.jpg in Resources */ = {isa = PBXBuildFile; fileRef = 86220CE51FD5ABB10003A044 /* Icon.jpg */; };
		86220CEA1FD5AD180003A044 /* Food.jpg in Resources */ = {isa = PBXBuildFile; fileRef = 86220CE91FD5AD180003A044 /* Food.jpg */; };
		86220CEE1FD5AE210003A044 /* Both.jpg in Resources */ = {isa = PBXBuildFile; fileRef = 86220CED1FD5AE210003A044 /* Both.jpg */; };
		86220CF01FD5AE7D0003A044 /* Drink.jpg in Resources */ = {isa = PBXBuildFile; fileRef = 86220CEF1FD5AE7D0003A044 /* Drink.jpg */; };
		86373CE91FCD8F7D00FE2457 /* images.jpeg in Resources */ = {isa = PBXBuildFile; fileRef = 86373CE81FCD8F7D00FE2457 /* images.jpeg */; };
		86373CF51FCD9CA500FE2457 /* thirdViewController.m in Sources */ = {isa = PBXBuildFile; fileRef = 86373CF41FCD9CA500FE2457 /* thirdViewController.m */; };
		865AEFED1FD1B86700904035 /* TableViewControllerThree.m in Sources */ = {isa = PBXBuildFile; fileRef = 865AEFEC1FD1B86700904035 /* TableViewControllerThree.m */; };
		865AEFF01FD1B88B00904035 /* ViewControllerSeven.m in Sources */ = {isa = PBXBuildFile; fileRef = 865AEFEF1FD1B88B00904035 /* ViewControllerSeven.m */; };
		865AEFF61FD1B92C00904035 /* DataModelThree.m in Sources */ = {isa = PBXBuildFile; fileRef = 865AEFF51FD1B92C00904035 /* DataModelThree.m */; };
		865AEFF91FD1B96B00904035 /* Cafe.m in Sources */ = {isa = PBXBuildFile; fileRef = 865AEFF81FD1B96B00904035 /* Cafe.m */; };
		8662312D1FCF2CE0007A81BD /* fourthviewcontroller.m in Sources */ = {isa = PBXBuildFile; fileRef = 8662312C1FCF2CE0007A81BD /* fourthviewcontroller.m */; };
		868C4F781FD5917A00A86A18 /* ScranPus Logo.jpg in Resources */ = {isa = PBXBuildFile; fileRef = 868C4F771FD5917A00A86A18 /* ScranPus Logo.jpg */; };
		86C83B781FCEE96900686533 /* Products.m in Sources */ = {isa = PBXBuildFile; fileRef = 86C83B771FCEE96900686533 /* Products.m */; };
		86C83B7B1FCEE9D800686533 /* DataModel.m in Sources */ = {isa = PBXBuildFile; fileRef = 86C83B7A1FCEE9D800686533 /* DataModel.m */; };
		86C83B7E1FCEF22000686533 /* TableViewController.m in Sources */ = {isa = PBXBuildFile; fileRef = 86C83B7D1FCEF22000686533 /* TableViewController.m */; };
		86D2FFC41FD193ED0093142F /* TableViewControllerOne.m in Sources */ = {isa = PBXBuildFile; fileRef = 86D2FFC31FD193ED0093142F /* TableViewControllerOne.m */; };
		86D2FFC71FD1941D0093142F /* TableViewControllerTwo.m in Sources */ = {isa = PBXBuildFile; fileRef = 86D2FFC61FD1941D0093142F /* TableViewControllerTwo.m */; };
		86D2FFCA1FD194870093142F /* ViewControllerFive.m in Sources */ = {isa = PBXBuildFile; fileRef = 86D2FFC91FD194870093142F /* ViewControllerFive.m */; };
		86D2FFCD1FD194A60093142F /* ViewControllerSix.m in Sources */ = {isa = PBXBuildFile; fileRef = 86D2FFCC1FD194A60093142F /* ViewControllerSix.m */; };
		86D2FFD01FD195880093142F /* DataModelOne.m in Sources */ = {isa = PBXBuildFile; fileRef = 86D2FFCF1FD195880093142F /* DataModelOne.m */; };
		86D2FFD31FD195B10093142F /* DataModelTwo.m in Sources */ = {isa = PBXBuildFile; fileRef = 86D2FFD21FD195B10093142F /* DataModelTwo.m */; };
		86EC4EDC1FC450AD00460EAB /* main.m in Sources */ = {isa = PBXBuildFile; fileRef = 86EC4EDB1FC450AD00460EAB /* main.m */; };
		86EC4EDF1FC450AD00460EAB /* AppDelegate.m in Sources */ = {isa = PBXBuildFile; fileRef = 86EC4EDE1FC450AD00460EAB /* AppDelegate.m */; };
		86EC4EE21FC450AD00460EAB /* firstViewController.m in Sources */ = {isa = PBXBuildFile; fileRef = 86EC4EE11FC450AD00460EAB /* firstViewController.m */; };
		86EC4EE51FC450AD00460EAB /* Main.storyboard in Resources */ = {isa = PBXBuildFile; fileRef = 86EC4EE31FC450AD00460EAB /* Main.storyboard */; };
		86EC4EE71FC450AD00460EAB /* Assets.xcassets in Resources */ = {isa = PBXBuildFile; fileRef = 86EC4EE61FC450AD00460EAB /* Assets.xcassets */; };
		86EC4EEA1FC450AD00460EAB /* LaunchScreen.storyboard in Resources */ = {isa = PBXBuildFile; fileRef = 86EC4EE81FC450AD00460EAB /* LaunchScreen.storyboard */; };
		86EC4EF51FC450AD00460EAB /* Mobile_Applications_Project_2017Tests.m in Sources */ = {isa = PBXBuildFile; fileRef = 86EC4EF41FC450AD00460EAB /* Mobile_Applications_Project_2017Tests.m */; };
		86EC4F001FC450AD00460EAB /* Mobile_Applications_Project_2017UITests.m in Sources */ = {isa = PBXBuildFile; fileRef = 86EC4EFF1FC450AD00460EAB /* Mobile_Applications_Project_2017UITests.m */; };
/* End PBXBuildFile section */

/* Begin PBXContainerItemProxy section */
		86EC4EF11FC450AD00460EAB /* PBXContainerItemProxy */ = {
			isa = PBXContainerItemProxy;
			containerPortal = 86EC4ECF1FC450AD00460EAB /* Project object */;
			proxyType = 1;
			remoteGlobalIDString = 86EC4ED61FC450AD00460EAB;
			remoteInfo = "Mobile Applications Project 2017";
		};
		86EC4EFC1FC450AD00460EAB /* PBXContainerItemProxy */ = {
			isa = PBXContainerItemProxy;
			containerPortal = 86EC4ECF1FC450AD00460EAB /* Project object */;
			proxyType = 1;
			remoteGlobalIDString = 86EC4ED61FC450AD00460EAB;
			remoteInfo = "Mobile Applications Project 2017";
		};
/* End PBXContainerItemProxy section */

/* Begin PBXFileReference section */
		86220CE51FD5ABB10003A044 /* Icon.jpg */ = {isa = PBXFileReference; lastKnownFileType = image.jpeg; path = Icon.jpg; sourceTree = "<group>"; };
		86220CE91FD5AD180003A044 /* Food.jpg */ = {isa = PBXFileReference; lastKnownFileType = image.jpeg; path = Food.jpg; sourceTree = "<group>"; };
		86220CED1FD5AE210003A044 /* Both.jpg */ = {isa = PBXFileReference; lastKnownFileType = image.jpeg; path = Both.jpg; sourceTree = "<group>"; };
		86220CEF1FD5AE7D0003A044 /* Drink.jpg */ = {isa = PBXFileReference; lastKnownFileType = image.jpeg; path = Drink.jpg; sourceTree = "<group>"; };
		86373CE81FCD8F7D00FE2457 /* images.jpeg */ = {isa = PBXFileReference; lastKnownFileType = image.jpeg; path = images.jpeg; sourceTree = "<group>"; };
		86373CF31FCD9CA500FE2457 /* thirdViewController.h */ = {isa = PBXFileReference; fileEncoding = 4; lastKnownFileType = sourcecode.c.h; name = thirdViewController.h; path = ../thirdViewController.h; sourceTree = "<group>"; };
		86373CF41FCD9CA500FE2457 /* thirdViewController.m */ = {isa = PBXFileReference; fileEncoding = 4; lastKnownFileType = sourcecode.c.objc; name = thirdViewController.m; path = ../thirdViewController.m; sourceTree = "<group>"; };
		865AEFEB1FD1B86700904035 /* TableViewControllerThree.h */ = {isa = PBXFileReference; fileEncoding = 4; lastKnownFileType = sourcecode.c.h; path = TableViewControllerThree.h; sourceTree = "<group>"; };
		865AEFEC1FD1B86700904035 /* TableViewControllerThree.m */ = {isa = PBXFileReference; fileEncoding = 4; lastKnownFileType = sourcecode.c.objc; path = TableViewControllerThree.m; sourceTree = "<group>"; };
		865AEFEE1FD1B88B00904035 /* ViewControllerSeven.h */ = {isa = PBXFileReference; fileEncoding = 4; lastKnownFileType = sourcecode.c.h; path = ViewControllerSeven.h; sourceTree = "<group>"; };
		865AEFEF1FD1B88B00904035 /* ViewControllerSeven.m */ = {isa = PBXFileReference; fileEncoding = 4; lastKnownFileType = sourcecode.c.objc; path = ViewControllerSeven.m; sourceTree = "<group>"; };
		865AEFF41FD1B92B00904035 /* DataModelThree.h */ = {isa = PBXFileReference; fileEncoding = 4; lastKnownFileType = sourcecode.c.h; path = DataModelThree.h; sourceTree = "<group>"; };
		865AEFF51FD1B92C00904035 /* DataModelThree.m */ = {isa = PBXFileReference; fileEncoding = 4; lastKnownFileType = sourcecode.c.objc; path = DataModelThree.m; sourceTree = "<group>"; };
		865AEFF71FD1B96B00904035 /* Cafe.h */ = {isa = PBXFileReference; fileEncoding = 4; lastKnownFileType = sourcecode.c.h; path = Cafe.h; sourceTree = "<group>"; };
		865AEFF81FD1B96B00904035 /* Cafe.m */ = {isa = PBXFileReference; fileEncoding = 4; lastKnownFileType = sourcecode.c.objc; path = Cafe.m; sourceTree = "<group>"; };
		8662312B1FCF2CE0007A81BD /* fourthviewcontroller.h */ = {isa = PBXFileReference; fileEncoding = 4; lastKnownFileType = sourcecode.c.h; path = fourthviewcontroller.h; sourceTree = "<group>"; };
		8662312C1FCF2CE0007A81BD /* fourthviewcontroller.m */ = {isa = PBXFileReference; fileEncoding = 4; lastKnownFileType = sourcecode.c.objc; path = fourthviewcontroller.m; sourceTree = "<group>"; };
		868C4F771FD5917A00A86A18 /* ScranPus Logo.jpg */ = {isa = PBXFileReference; lastKnownFileType = image.jpeg; path = "ScranPus Logo.jpg"; sourceTree = "<group>"; };
		86C83B761FCEE96900686533 /* Products.h */ = {isa = PBXFileReference; fileEncoding = 4; lastKnownFileType = sourcecode.c.h; path = Products.h; sourceTree = "<group>"; };
		86C83B771FCEE96900686533 /* Products.m */ = {isa = PBXFileReference; fileEncoding = 4; lastKnownFileType = sourcecode.c.objc; path = Products.m; sourceTree = "<group>"; };
		86C83B791FCEE9D800686533 /* DataModel.h */ = {isa = PBXFileReference; fileEncoding = 4; lastKnownFileType = sourcecode.c.h; path = DataModel.h; sourceTree = "<group>"; };
		86C83B7A1FCEE9D800686533 /* DataModel.m */ = {isa = PBXFileReference; fileEncoding = 4; lastKnownFileType = sourcecode.c.objc; path = DataModel.m; sourceTree = "<group>"; };
		86C83B7C1FCEF22000686533 /* TableViewController.h */ = {isa = PBXFileReference; fileEncoding = 4; lastKnownFileType = sourcecode.c.h; path = TableViewController.h; sourceTree = "<group>"; };
		86C83B7D1FCEF22000686533 /* TableViewController.m */ = {isa = PBXFileReference; fileEncoding = 4; lastKnownFileType = sourcecode.c.objc; path = TableViewController.m; sourceTree = "<group>"; };
		86D2FFC21FD193ED0093142F /* TableViewControllerOne.h */ = {isa = PBXFileReference; fileEncoding = 4; lastKnownFileType = sourcecode.c.h; path = TableViewControllerOne.h; sourceTree = "<group>"; };
		86D2FFC31FD193ED0093142F /* TableViewControllerOne.m */ = {isa = PBXFileReference; fileEncoding = 4; lastKnownFileType = sourcecode.c.objc; path = TableViewControllerOne.m; sourceTree = "<group>"; };
		86D2FFC51FD1941D0093142F /* TableViewControllerTwo.h */ = {isa = PBXFileReference; fileEncoding = 4; lastKnownFileType = sourcecode.c.h; path = TableViewControllerTwo.h; sourceTree = "<group>"; };
		86D2FFC61FD1941D0093142F /* TableViewControllerTwo.m */ = {isa = PBXFileReference; fileEncoding = 4; lastKnownFileType = sourcecode.c.objc; path = TableViewControllerTwo.m; sourceTree = "<group>"; };
		86D2FFC81FD194870093142F /* ViewControllerFive.h */ = {isa = PBXFileReference; fileEncoding = 4; lastKnownFileType = sourcecode.c.h; path = ViewControllerFive.h; sourceTree = "<group>"; };
		86D2FFC91FD194870093142F /* ViewControllerFive.m */ = {isa = PBXFileReference; fileEncoding = 4; lastKnownFileType = sourcecode.c.objc; path = ViewControllerFive.m; sourceTree = "<group>"; };
		86D2FFCB1FD194A60093142F /* ViewControllerSix.h */ = {isa = PBXFileReference; fileEncoding = 4; lastKnownFileType = sourcecode.c.h; path = ViewControllerSix.h; sourceTree = "<group>"; };
		86D2FFCC1FD194A60093142F /* ViewControllerSix.m */ = {isa = PBXFileReference; fileEncoding = 4; lastKnownFileType = sourcecode.c.objc; path = ViewControllerSix.m; sourceTree = "<group>"; };
		86D2FFCE1FD195880093142F /* DataModelOne.h */ = {isa = PBXFileReference; fileEncoding = 4; lastKnownFileType = sourcecode.c.h; path = DataModelOne.h; sourceTree = "<group>"; };
		86D2FFCF1FD195880093142F /* DataModelOne.m */ = {isa = PBXFileReference; fileEncoding = 4; lastKnownFileType = sourcecode.c.objc; path = DataModelOne.m; sourceTree = "<group>"; };
		86D2FFD11FD195B10093142F /* DataModelTwo.h */ = {isa = PBXFileReference; fileEncoding = 4; lastKnownFileType = sourcecode.c.h; path = DataModelTwo.h; sourceTree = "<group>"; };
		86D2FFD21FD195B10093142F /* DataModelTwo.m */ = {isa = PBXFileReference; fileEncoding = 4; lastKnownFileType = sourcecode.c.objc; path = DataModelTwo.m; sourceTree = "<group>"; };
		86EC4ED71FC450AD00460EAB /* Mobile Applications Project 2017.app */ = {isa = PBXFileReference; explicitFileType = wrapper.application; includeInIndex = 0; path = "Mobile Applications Project 2017.app"; sourceTree = BUILT_PRODUCTS_DIR; };
		86EC4EDB1FC450AD00460EAB /* main.m */ = {isa = PBXFileReference; lastKnownFileType = sourcecode.c.objc; path = main.m; sourceTree = "<group>"; };
		86EC4EDD1FC450AD00460EAB /* AppDelegate.h */ = {isa = PBXFileReference; lastKnownFileType = sourcecode.c.h; path = AppDelegate.h; sourceTree = "<group>"; };
		86EC4EDE1FC450AD00460EAB /* AppDelegate.m */ = {isa = PBXFileReference; lastKnownFileType = sourcecode.c.objc; path = AppDelegate.m; sourceTree = "<group>"; };
		86EC4EE01FC450AD00460EAB /* firstViewController.h */ = {isa = PBXFileReference; lastKnownFileType = sourcecode.c.h; path = firstViewController.h; sourceTree = "<group>"; };
		86EC4EE11FC450AD00460EAB /* firstViewController.m */ = {isa = PBXFileReference; lastKnownFileType = sourcecode.c.objc; path = firstViewController.m; sourceTree = "<group>"; };
		86EC4EE41FC450AD00460EAB /* Base */ = {isa = PBXFileReference; lastKnownFileType = file.storyboard; name = Base; path = Base.lproj/Main.storyboard; sourceTree = "<group>"; };
		86EC4EE61FC450AD00460EAB /* Assets.xcassets */ = {isa = PBXFileReference; lastKnownFileType = folder.assetcatalog; path = Assets.xcassets; sourceTree = "<group>"; };
		86EC4EE91FC450AD00460EAB /* Base */ = {isa = PBXFileReference; lastKnownFileType = file.storyboard; name = Base; path = Base.lproj/LaunchScreen.storyboard; sourceTree = "<group>"; };
		86EC4EEB1FC450AD00460EAB /* Info.plist */ = {isa = PBXFileReference; lastKnownFileType = text.plist.xml; path = Info.plist; sourceTree = "<group>"; };
		86EC4EF01FC450AD00460EAB /* Mobile Applications Project 2017Tests.xctest */ = {isa = PBXFileReference; explicitFileType = wrapper.cfbundle; includeInIndex = 0; path = "Mobile Applications Project 2017Tests.xctest"; sourceTree = BUILT_PRODUCTS_DIR; };
		86EC4EF41FC450AD00460EAB /* Mobile_Applications_Project_2017Tests.m */ = {isa = PBXFileReference; lastKnownFileType = sourcecode.c.objc; path = Mobile_Applications_Project_2017Tests.m; sourceTree = "<group>"; };
		86EC4EF61FC450AD00460EAB /* Info.plist */ = {isa = PBXFileReference; lastKnownFileType = text.plist.xml; path = Info.plist; sourceTree = "<group>"; };
		86EC4EFB1FC450AD00460EAB /* Mobile Applications Project 2017UITests.xctest */ = {isa = PBXFileReference; explicitFileType = wrapper.cfbundle; includeInIndex = 0; path = "Mobile Applications Project 2017UITests.xctest"; sourceTree = BUILT_PRODUCTS_DIR; };
		86EC4EFF1FC450AD00460EAB /* Mobile_Applications_Project_2017UITests.m */ = {isa = PBXFileReference; lastKnownFileType = sourcecode.c.objc; path = Mobile_Applications_Project_2017UITests.m; sourceTree = "<group>"; };
		86EC4F011FC450AD00460EAB /* Info.plist */ = {isa = PBXFileReference; lastKnownFileType = text.plist.xml; path = Info.plist; sourceTree = "<group>"; };
/* End PBXFileReference section */

/* Begin PBXFrameworksBuildPhase section */
		86EC4ED41FC450AD00460EAB /* Frameworks */ = {
			isa = PBXFrameworksBuildPhase;
			buildActionMask = 2147483647;
			files = (
			);
			runOnlyForDeploymentPostprocessing = 0;
		};
		86EC4EED1FC450AD00460EAB /* Frameworks */ = {
			isa = PBXFrameworksBuildPhase;
			buildActionMask = 2147483647;
			files = (
			);
			runOnlyForDeploymentPostprocessing = 0;
		};
		86EC4EF81FC450AD00460EAB /* Frameworks */ = {
			isa = PBXFrameworksBuildPhase;
			buildActionMask = 2147483647;
			files = (
			);
			runOnlyForDeploymentPostprocessing = 0;
		};
/* End PBXFrameworksBuildPhase section */

/* Begin PBXGroup section */
		86EC4ECE1FC450AD00460EAB = {
			isa = PBXGroup;
			children = (
				86EC4ED91FC450AD00460EAB /* Mobile Applications Project 2017 */,
				86EC4EF31FC450AD00460EAB /* Mobile Applications Project 2017Tests */,
				86EC4EFE1FC450AD00460EAB /* Mobile Applications Project 2017UITests */,
				86EC4ED81FC450AD00460EAB /* Products */,
			);
			sourceTree = "<group>";
		};
		86EC4ED81FC450AD00460EAB /* Products */ = {
			isa = PBXGroup;
			children = (
				86EC4ED71FC450AD00460EAB /* Mobile Applications Project 2017.app */,
				86EC4EF01FC450AD00460EAB /* Mobile Applications Project 2017Tests.xctest */,
				86EC4EFB1FC450AD00460EAB /* Mobile Applications Project 2017UITests.xctest */,
			);
			name = Products;
			sourceTree = "<group>";
		};
		86EC4ED91FC450AD00460EAB /* Mobile Applications Project 2017 */ = {
			isa = PBXGroup;
			children = (
				86EC4EE31FC450AD00460EAB /* Main.storyboard */,
				86EC4EDD1FC450AD00460EAB /* AppDelegate.h */,
				86EC4EDE1FC450AD00460EAB /* AppDelegate.m */,
				86EC4EE01FC450AD00460EAB /* firstViewController.h */,
				86EC4EE11FC450AD00460EAB /* firstViewController.m */,
				86373CF31FCD9CA500FE2457 /* thirdViewController.h */,
				86373CF41FCD9CA500FE2457 /* thirdViewController.m */,
				86C83B761FCEE96900686533 /* Products.h */,
				86C83B771FCEE96900686533 /* Products.m */,
				86C83B7C1FCEF22000686533 /* TableViewController.h */,
				86C83B7D1FCEF22000686533 /* TableViewController.m */,
				8662312B1FCF2CE0007A81BD /* fourthviewcontroller.h */,
				8662312C1FCF2CE0007A81BD /* fourthviewcontroller.m */,
				86C83B791FCEE9D800686533 /* DataModel.h */,
				86C83B7A1FCEE9D800686533 /* DataModel.m */,
				86D2FFC21FD193ED0093142F /* TableViewControllerOne.h */,
				86D2FFC31FD193ED0093142F /* TableViewControllerOne.m */,
				86D2FFC81FD194870093142F /* ViewControllerFive.h */,
				86D2FFC91FD194870093142F /* ViewControllerFive.m */,
				86D2FFCE1FD195880093142F /* DataModelOne.h */,
				86D2FFCF1FD195880093142F /* DataModelOne.m */,
				86D2FFC51FD1941D0093142F /* TableViewControllerTwo.h */,
				86D2FFC61FD1941D0093142F /* TableViewControllerTwo.m */,
				86D2FFCB1FD194A60093142F /* ViewControllerSix.h */,
				86D2FFCC1FD194A60093142F /* ViewControllerSix.m */,
				86D2FFD11FD195B10093142F /* DataModelTwo.h */,
				86D2FFD21FD195B10093142F /* DataModelTwo.m */,
				865AEFEB1FD1B86700904035 /* TableViewControllerThree.h */,
				865AEFEC1FD1B86700904035 /* TableViewControllerThree.m */,
				865AEFEE1FD1B88B00904035 /* ViewControllerSeven.h */,
				865AEFEF1FD1B88B00904035 /* ViewControllerSeven.m */,
				865AEFF41FD1B92B00904035 /* DataModelThree.h */,
				865AEFF51FD1B92C00904035 /* DataModelThree.m */,
				865AEFF71FD1B96B00904035 /* Cafe.h */,
				865AEFF81FD1B96B00904035 /* Cafe.m */,
				86EC4EE61FC450AD00460EAB /* Assets.xcassets */,
				86EC4EE81FC450AD00460EAB /* LaunchScreen.storyboard */,
				86373CE81FCD8F7D00FE2457 /* images.jpeg */,
				86220CE91FD5AD180003A044 /* Food.jpg */,
				86220CED1FD5AE210003A044 /* Both.jpg */,
				86220CEF1FD5AE7D0003A044 /* Drink.jpg */,
				86220CE51FD5ABB10003A044 /* Icon.jpg */,
				868C4F771FD5917A00A86A18 /* ScranPus Logo.jpg */,
				86EC4EEB1FC450AD00460EAB /* Info.plist */,
				86EC4EDA1FC450AD00460EAB /* Supporting Files */,
			);
			path = "Mobile Applications Project 2017";
			sourceTree = "<group>";
		};
		86EC4EDA1FC450AD00460EAB /* Supporting Files */ = {
			isa = PBXGroup;
			children = (
				86EC4EDB1FC450AD00460EAB /* main.m */,
			);
			name = "Supporting Files";
			sourceTree = "<group>";
		};
		86EC4EF31FC450AD00460EAB /* Mobile Applications Project 2017Tests */ = {
			isa = PBXGroup;
			children = (
				86EC4EF41FC450AD00460EAB /* Mobile_Applications_Project_2017Tests.m */,
				86EC4EF61FC450AD00460EAB /* Info.plist */,
			);
			path = "Mobile Applications Project 2017Tests";
			sourceTree = "<group>";
		};
		86EC4EFE1FC450AD00460EAB /* Mobile Applications Project 2017UITests */ = {
			isa = PBXGroup;
			children = (
				86EC4EFF1FC450AD00460EAB /* Mobile_Applications_Project_2017UITests.m */,
				86EC4F011FC450AD00460EAB /* Info.plist */,
			);
			path = "Mobile Applications Project 2017UITests";
			sourceTree = "<group>";
		};
/* End PBXGroup section */

/* Begin PBXNativeTarget section */
		86EC4ED61FC450AD00460EAB /* Mobile Applications Project 2017 */ = {
			isa = PBXNativeTarget;
			buildConfigurationList = 86EC4F041FC450AD00460EAB /* Build configuration list for PBXNativeTarget "Mobile Applications Project 2017" */;
			buildPhases = (
				86EC4ED31FC450AD00460EAB /* Sources */,
				86EC4ED41FC450AD00460EAB /* Frameworks */,
				86EC4ED51FC450AD00460EAB /* Resources */,
			);
			buildRules = (
			);
			dependencies = (
			);
			name = "Mobile Applications Project 2017";
			productName = "Mobile Applications Project 2017";
			productReference = 86EC4ED71FC450AD00460EAB /* Mobile Applications Project 2017.app */;
			productType = "com.apple.product-type.application";
		};
		86EC4EEF1FC450AD00460EAB /* Mobile Applications Project 2017Tests */ = {
			isa = PBXNativeTarget;
			buildConfigurationList = 86EC4F071FC450AD00460EAB /* Build configuration list for PBXNativeTarget "Mobile Applications Project 2017Tests" */;
			buildPhases = (
				86EC4EEC1FC450AD00460EAB /* Sources */,
				86EC4EED1FC450AD00460EAB /* Frameworks */,
				86EC4EEE1FC450AD00460EAB /* Resources */,
			);
			buildRules = (
			);
			dependencies = (
				86EC4EF21FC450AD00460EAB /* PBXTargetDependency */,
			);
			name = "Mobile Applications Project 2017Tests";
			productName = "Mobile Applications Project 2017Tests";
			productReference = 86EC4EF01FC450AD00460EAB /* Mobile Applications Project 2017Tests.xctest */;
			productType = "com.apple.product-type.bundle.unit-test";
		};
		86EC4EFA1FC450AD00460EAB /* Mobile Applications Project 2017UITests */ = {
			isa = PBXNativeTarget;
			buildConfigurationList = 86EC4F0A1FC450AD00460EAB /* Build configuration list for PBXNativeTarget "Mobile Applications Project 2017UITests" */;
			buildPhases = (
				86EC4EF71FC450AD00460EAB /* Sources */,
				86EC4EF81FC450AD00460EAB /* Frameworks */,
				86EC4EF91FC450AD00460EAB /* Resources */,
			);
			buildRules = (
			);
			dependencies = (
				86EC4EFD1FC450AD00460EAB /* PBXTargetDependency */,
			);
			name = "Mobile Applications Project 2017UITests";
			productName = "Mobile Applications Project 2017UITests";
			productReference = 86EC4EFB1FC450AD00460EAB /* Mobile Applications Project 2017UITests.xctest */;
			productType = "com.apple.product-type.bundle.ui-testing";
		};
/* End PBXNativeTarget section */

/* Begin PBXProject section */
		86EC4ECF1FC450AD00460EAB /* Project object */ = {
			isa = PBXProject;
			attributes = {
				LastUpgradeCheck = 0800;
				ORGANIZATIONNAME = "University of Leeds";
				TargetAttributes = {
					86EC4ED61FC450AD00460EAB = {
						CreatedOnToolsVersion = 8.0;
						ProvisioningStyle = Automatic;
					};
					86EC4EEF1FC450AD00460EAB = {
						CreatedOnToolsVersion = 8.0;
						ProvisioningStyle = Automatic;
						TestTargetID = 86EC4ED61FC450AD00460EAB;
					};
					86EC4EFA1FC450AD00460EAB = {
						CreatedOnToolsVersion = 8.0;
						ProvisioningStyle = Automatic;
						TestTargetID = 86EC4ED61FC450AD00460EAB;
					};
				};
			};
			buildConfigurationList = 86EC4ED21FC450AD00460EAB /* Build configuration list for PBXProject "Mobile Applications Project 2017" */;
			compatibilityVersion = "Xcode 3.2";
			developmentRegion = English;
			hasScannedForEncodings = 0;
			knownRegions = (
				en,
				Base,
			);
			mainGroup = 86EC4ECE1FC450AD00460EAB;
			productRefGroup = 86EC4ED81FC450AD00460EAB /* Products */;
			projectDirPath = "";
			projectRoot = "";
			targets = (
				86EC4ED61FC450AD00460EAB /* Mobile Applications Project 2017 */,
				86EC4EEF1FC450AD00460EAB /* Mobile Applications Project 2017Tests */,
				86EC4EFA1FC450AD00460EAB /* Mobile Applications Project 2017UITests */,
			);
		};
/* End PBXProject section */

/* Begin PBXResourcesBuildPhase section */
		86EC4ED51FC450AD00460EAB /* Resources */ = {
			isa = PBXResourcesBuildPhase;
			buildActionMask = 2147483647;
			files = (
				86EC4EEA1FC450AD00460EAB /* LaunchScreen.storyboard in Resources */,
				86220CEE1FD5AE210003A044 /* Both.jpg in Resources */,
				86220CEA1FD5AD180003A044 /* Food.jpg in Resources */,
				868C4F781FD5917A00A86A18 /* ScranPus Logo.jpg in Resources */,
				86220CE61FD5ABB10003A044 /* Icon.jpg in Resources */,
				86220CF01FD5AE7D0003A044 /* Drink.jpg in Resources */,
				86373CE91FCD8F7D00FE2457 /* images.jpeg in Resources */,
				86EC4EE71FC450AD00460EAB /* Assets.xcassets in Resources */,
				86EC4EE51FC450AD00460EAB /* Main.storyboard in Resources */,
			);
			runOnlyForDeploymentPostprocessing = 0;
		};
		86EC4EEE1FC450AD00460EAB /* Resources */ = {
			isa = PBXResourcesBuildPhase;
			buildActionMask = 2147483647;
			files = (
			);
			runOnlyForDeploymentPostprocessing = 0;
		};
		86EC4EF91FC450AD00460EAB /* Resources */ = {
			isa = PBXResourcesBuildPhase;
			buildActionMask = 2147483647;
			files = (
			);
			runOnlyForDeploymentPostprocessing = 0;
		};
/* End PBXResourcesBuildPhase section */

/* Begin PBXSourcesBuildPhase section */
		86EC4ED31FC450AD00460EAB /* Sources */ = {
			isa = PBXSourcesBuildPhase;
			buildActionMask = 2147483647;
			files = (
				865AEFF01FD1B88B00904035 /* ViewControllerSeven.m in Sources */,
				86EC4EE21FC450AD00460EAB /* firstViewController.m in Sources */,
				86EC4EDF1FC450AD00460EAB /* AppDelegate.m in Sources */,
				865AEFED1FD1B86700904035 /* TableViewControllerThree.m in Sources */,
				86D2FFD31FD195B10093142F /* DataModelTwo.m in Sources */,
				86C83B781FCEE96900686533 /* Products.m in Sources */,
				865AEFF61FD1B92C00904035 /* DataModelThree.m in Sources */,
				86C83B7B1FCEE9D800686533 /* DataModel.m in Sources */,
				86D2FFC71FD1941D0093142F /* TableViewControllerTwo.m in Sources */,
				86D2FFCA1FD194870093142F /* ViewControllerFive.m in Sources */,
				86EC4EDC1FC450AD00460EAB /* main.m in Sources */,
				86D2FFD01FD195880093142F /* DataModelOne.m in Sources */,
				86D2FFCD1FD194A60093142F /* ViewControllerSix.m in Sources */,
				86373CF51FCD9CA500FE2457 /* thirdViewController.m in Sources */,
				86C83B7E1FCEF22000686533 /* TableViewController.m in Sources */,
				86D2FFC41FD193ED0093142F /* TableViewControllerOne.m in Sources */,
				865AEFF91FD1B96B00904035 /* Cafe.m in Sources */,
				8662312D1FCF2CE0007A81BD /* fourthviewcontroller.m in Sources */,
			);
			runOnlyForDeploymentPostprocessing = 0;
		};
		86EC4EEC1FC450AD00460EAB /* Sources */ = {
			isa = PBXSourcesBuildPhase;
			buildActionMask = 2147483647;
			files = (
				86EC4EF51FC450AD00460EAB /* Mobile_Applications_Project_2017Tests.m in Sources */,
			);
			runOnlyForDeploymentPostprocessing = 0;
		};
		86EC4EF71FC450AD00460EAB /* Sources */ = {
			isa = PBXSourcesBuildPhase;
			buildActionMask = 2147483647;
			files = (
				86EC4F001FC450AD00460EAB /* Mobile_Applications_Project_2017UITests.m in Sources */,
			);
			runOnlyForDeploymentPostprocessing = 0;
		};
/* End PBXSourcesBuildPhase section */

/* Begin PBXTargetDependency section */
		86EC4EF21FC450AD00460EAB /* PBXTargetDependency */ = {
			isa = PBXTargetDependency;
			target = 86EC4ED61FC450AD00460EAB /* Mobile Applications Project 2017 */;
			targetProxy = 86EC4EF11FC450AD00460EAB /* PBXContainerItemProxy */;
		};
		86EC4EFD1FC450AD00460EAB /* PBXTargetDependency */ = {
			isa = PBXTargetDependency;
			target = 86EC4ED61FC450AD00460EAB /* Mobile Applications Project 2017 */;
			targetProxy = 86EC4EFC1FC450AD00460EAB /* PBXContainerItemProxy */;
		};
/* End PBXTargetDependency section */

/* Begin PBXVariantGroup section */
		86EC4EE31FC450AD00460EAB /* Main.storyboard */ = {
			isa = PBXVariantGroup;
			children = (
				86EC4EE41FC450AD00460EAB /* Base */,
			);
			name = Main.storyboard;
			sourceTree = "<group>";
		};
		86EC4EE81FC450AD00460EAB /* LaunchScreen.storyboard */ = {
			isa = PBXVariantGroup;
			children = (
				86EC4EE91FC450AD00460EAB /* Base */,
			);
			name = LaunchScreen.storyboard;
			sourceTree = "<group>";
		};
/* End PBXVariantGroup section */

/* Begin XCBuildConfiguration section */
		86EC4F021FC450AD00460EAB /* Debug */ = {
			isa = XCBuildConfiguration;
			buildSettings = {
				ALWAYS_SEARCH_USER_PATHS = NO;
				CLANG_ANALYZER_NONNULL = YES;
				CLANG_CXX_LANGUAGE_STANDARD = "gnu++0x";
				CLANG_CXX_LIBRARY = "libc++";
				CLANG_ENABLE_MODULES = YES;
				CLANG_ENABLE_OBJC_ARC = YES;
				CLANG_WARN_BOOL_CONVERSION = YES;
				CLANG_WARN_CONSTANT_CONVERSION = YES;
				CLANG_WARN_DIRECT_OBJC_ISA_USAGE = YES_ERROR;
				CLANG_WARN_DOCUMENTATION_COMMENTS = YES;
				CLANG_WARN_EMPTY_BODY = YES;
				CLANG_WARN_ENUM_CONVERSION = YES;
				CLANG_WARN_INFINITE_RECURSION = YES;
				CLANG_WARN_INT_CONVERSION = YES;
				CLANG_WARN_OBJC_ROOT_CLASS = YES_ERROR;
				CLANG_WARN_SUSPICIOUS_MOVES = YES;
				CLANG_WARN_UNREACHABLE_CODE = YES;
				CLANG_WARN__DUPLICATE_METHOD_MATCH = YES;
				"CODE_SIGN_IDENTITY[sdk=iphoneos*]" = "iPhone Developer";
				COPY_PHASE_STRIP = NO;
				DEBUG_INFORMATION_FORMAT = dwarf;
				ENABLE_STRICT_OBJC_MSGSEND = YES;
				ENABLE_TESTABILITY = YES;
				GCC_C_LANGUAGE_STANDARD = gnu99;
				GCC_DYNAMIC_NO_PIC = NO;
				GCC_NO_COMMON_BLOCKS = YES;
				GCC_OPTIMIZATION_LEVEL = 0;
				GCC_PREPROCESSOR_DEFINITIONS = (
					"DEBUG=1",
					"$(inherited)",
				);
				GCC_WARN_64_TO_32_BIT_CONVERSION = YES;
				GCC_WARN_ABOUT_RETURN_TYPE = YES_ERROR;
				GCC_WARN_UNDECLARED_SELECTOR = YES;
				GCC_WARN_UNINITIALIZED_AUTOS = YES_AGGRESSIVE;
				GCC_WARN_UNUSED_FUNCTION = YES;
				GCC_WARN_UNUSED_VARIABLE = YES;
				IPHONEOS_DEPLOYMENT_TARGET = 10.0;
				MTL_ENABLE_DEBUG_INFO = YES;
				ONLY_ACTIVE_ARCH = YES;
				SDKROOT = iphoneos;
				TARGETED_DEVICE_FAMILY = "1,2";
			};
			name = Debug;
		};
		86EC4F031FC450AD00460EAB /* Release */ = {
			isa = XCBuildConfiguration;
			buildSettings = {
				ALWAYS_SEARCH_USER_PATHS = NO;
				CLANG_ANALYZER_NONNULL = YES;
				CLANG_CXX_LANGUAGE_STANDARD = "gnu++0x";
				CLANG_CXX_LIBRARY = "libc++";
				CLANG_ENABLE_MODULES = YES;
				CLANG_ENABLE_OBJC_ARC = YES;
				CLANG_WARN_BOOL_CONVERSION = YES;
				CLANG_WARN_CONSTANT_CONVERSION = YES;
				CLANG_WARN_DIRECT_OBJC_ISA_USAGE = YES_ERROR;
				CLANG_WARN_DOCUMENTATION_COMMENTS = YES;
				CLANG_WARN_EMPTY_BODY = YES;
				CLANG_WARN_ENUM_CONVERSION = YES;
				CLANG_WARN_INFINITE_RECURSION = YES;
				CLANG_WARN_INT_CONVERSION = YES;
				CLANG_WARN_OBJC_ROOT_CLASS = YES_ERROR;
				CLANG_WARN_SUSPICIOUS_MOVES = YES;
				CLANG_WARN_UNREACHABLE_CODE = YES;
				CLANG_WARN__DUPLICATE_METHOD_MATCH = YES;
				"CODE_SIGN_IDENTITY[sdk=iphoneos*]" = "iPhone Developer";
				COPY_PHASE_STRIP = NO;
				DEBUG_INFORMATION_FORMAT = "dwarf-with-dsym";
				ENABLE_NS_ASSERTIONS = NO;
				ENABLE_STRICT_OBJC_MSGSEND = YES;
				GCC_C_LANGUAGE_STANDARD = gnu99;
				GCC_NO_COMMON_BLOCKS = YES;
				GCC_WARN_64_TO_32_BIT_CONVERSION = YES;
				GCC_WARN_ABOUT_RETURN_TYPE = YES_ERROR;
				GCC_WARN_UNDECLARED_SELECTOR = YES;
				GCC_WARN_UNINITIALIZED_AUTOS = YES_AGGRESSIVE;
				GCC_WARN_UNUSED_FUNCTION = YES;
				GCC_WARN_UNUSED_VARIABLE = YES;
				IPHONEOS_DEPLOYMENT_TARGET = 10.0;
				MTL_ENABLE_DEBUG_INFO = NO;
				SDKROOT = iphoneos;
				TARGETED_DEVICE_FAMILY = "1,2";
				VALIDATE_PRODUCT = YES;
			};
			name = Release;
		};
		86EC4F051FC450AD00460EAB /* Debug */ = {
			isa = XCBuildConfiguration;
			buildSettings = {
				ASSETCATALOG_COMPILER_APPICON_NAME = AppIcon;
				INFOPLIST_FILE = "Mobile Applications Project 2017/Info.plist";
				LD_RUNPATH_SEARCH_PATHS = "$(inherited) @executable_path/Frameworks";
				PRODUCT_BUNDLE_IDENTIFIER = "uk.ac.leeds.Mobile-Applications-Project-2017";
				PRODUCT_NAME = "$(TARGET_NAME)";
			};
			name = Debug;
		};
		86EC4F061FC450AD00460EAB /* Release */ = {
			isa = XCBuildConfiguration;
			buildSettings = {
				ASSETCATALOG_COMPILER_APPICON_NAME = AppIcon;
				INFOPLIST_FILE = "Mobile Applications Project 2017/Info.plist";
				LD_RUNPATH_SEARCH_PATHS = "$(inherited) @executable_path/Frameworks";
				PRODUCT_BUNDLE_IDENTIFIER = "uk.ac.leeds.Mobile-Applications-Project-2017";
				PRODUCT_NAME = "$(TARGET_NAME)";
			};
			name = Release;
		};
		86EC4F081FC450AD00460EAB /* Debug */ = {
			isa = XCBuildConfiguration;
			buildSettings = {
				BUNDLE_LOADER = "$(TEST_HOST)";
				INFOPLIST_FILE = "Mobile Applications Project 2017Tests/Info.plist";
				LD_RUNPATH_SEARCH_PATHS = "$(inherited) @executable_path/Frameworks @loader_path/Frameworks";
				PRODUCT_BUNDLE_IDENTIFIER = "uk.ac.leeds.Mobile-Applications-Project-2017Tests";
				PRODUCT_NAME = "$(TARGET_NAME)";
				TEST_HOST = "$(BUILT_PRODUCTS_DIR)/Mobile Applications Project 2017.app/Mobile Applications Project 2017";
			};
			name = Debug;
		};
		86EC4F091FC450AD00460EAB /* Release */ = {
			isa = XCBuildConfiguration;
			buildSettings = {
				BUNDLE_LOADER = "$(TEST_HOST)";
				INFOPLIST_FILE = "Mobile Applications Project 2017Tests/Info.plist";
				LD_RUNPATH_SEARCH_PATHS = "$(inherited) @executable_path/Frameworks @loader_path/Frameworks";
				PRODUCT_BUNDLE_IDENTIFIER = "uk.ac.leeds.Mobile-Applications-Project-2017Tests";
				PRODUCT_NAME = "$(TARGET_NAME)";
				TEST_HOST = "$(BUILT_PRODUCTS_DIR)/Mobile Applications Project 2017.app/Mobile Applications Project 2017";
			};
			name = Release;
		};
		86EC4F0B1FC450AD00460EAB /* Debug */ = {
			isa = XCBuildConfiguration;
			buildSettings = {
				INFOPLIST_FILE = "Mobile Applications Project 2017UITests/Info.plist";
				LD_RUNPATH_SEARCH_PATHS = "$(inherited) @executable_path/Frameworks @loader_path/Frameworks";
				PRODUCT_BUNDLE_IDENTIFIER = "uk.ac.leeds.Mobile-Applications-Project-2017UITests";
				PRODUCT_NAME = "$(TARGET_NAME)";
				TEST_TARGET_NAME = "Mobile Applications Project 2017";
			};
			name = Debug;
		};
		86EC4F0C1FC450AD00460EAB /* Release */ = {
			isa = XCBuildConfiguration;
			buildSettings = {
				INFOPLIST_FILE = "Mobile Applications Project 2017UITests/Info.plist";
				LD_RUNPATH_SEARCH_PATHS = "$(inherited) @executable_path/Frameworks @loader_path/Frameworks";
				PRODUCT_BUNDLE_IDENTIFIER = "uk.ac.leeds.Mobile-Applications-Project-2017UITests";
				PRODUCT_NAME = "$(TARGET_NAME)";
				TEST_TARGET_NAME = "Mobile Applications Project 2017";
			};
			name = Release;
		};
/* End XCBuildConfiguration section */

/* Begin XCConfigurationList section */
		86EC4ED21FC450AD00460EAB /* Build configuration list for PBXProject "Mobile Applications Project 2017" */ = {
			isa = XCConfigurationList;
			buildConfigurations = (
				86EC4F021FC450AD00460EAB /* Debug */,
				86EC4F031FC450AD00460EAB /* Release */,
			);
			defaultConfigurationIsVisible = 0;
			defaultConfigurationName = Release;
		};
		86EC4F041FC450AD00460EAB /* Build configuration list for PBXNativeTarget "Mobile Applications Project 2017" */ = {
			isa = XCConfigurationList;
			buildConfigurations = (
				86EC4F051FC450AD00460EAB /* Debug */,
				86EC4F061FC450AD00460EAB /* Release */,
			);
			defaultConfigurationIsVisible = 0;
			defaultConfigurationName = Release;
		};
		86EC4F071FC450AD00460EAB /* Build configuration list for PBXNativeTarget "Mobile Applications Project 2017Tests" */ = {
			isa = XCConfigurationList;
			buildConfigurations = (
				86EC4F081FC450AD00460EAB /* Debug */,
				86EC4F091FC450AD00460EAB /* Release */,
			);
			defaultConfigurationIsVisible = 0;
			defaultConfigurationName = Release;
		};
		86EC4F0A1FC450AD00460EAB /* Build configuration list for PBXNativeTarget "Mobile Applications Project 2017UITests" */ = {
			isa = XCConfigurationList;
			buildConfigurations = (
				86EC4F0B1FC450AD00460EAB /* Debug */,
				86EC4F0C1FC450AD00460EAB /* Release */,
			);
			defaultConfigurationIsVisible = 0;
			defaultConfigurationName = Release;
		};
/* End XCConfigurationList section */
	};
	rootObject = 86EC4ECF1FC450AD00460EAB /* Project object */;
}
